Microsoft Visual Studio Solution File, Format Version 10.00
# Visual Studio 2008
Project("{8BC9CEB8-8B4A-11D0-8D11-00A0C91BC942}") = "set-led-gui", "set-led-gui.vcproj", "{BF089A3D-6347-46A1-A95D-3507E3E466A5}"
EndProject
Global
	GlobalSection(SolutionConfigurationPlatforms) = preSolution
		Debug|Win32 = Debug|Win32
		Release|Win32 = Release|Win32
	EndGlobalSection
	GlobalSection(ProjectConfigurationPlatforms) = postSolution
		{BF089A3D-6347-46A1-A95D-3507E3E466A5}.Debug|Win32.ActiveCfg = Debug|Win32
		{BF089A3D-6347-46A1-A95D-3507E3E466A5}.Debug|Win32.Build.0 = Debug|Win32
		{BF089A3D-6347-46A1-A95D-3507E3E466A5}.Release|Win32.ActiveCfg = Release|Win32
		{BF089A3D-6347-46A1-A95D-3507E3E466A5}.Release|Win32.Build.0 = Release|Win32
	EndGlobalSection
	GlobalSection(SolutionProperties) = preSolution
		HideSolutionNode = FALSE
	EndGlobalSection
EndGlobal
